{
  "version": 4,
  "terraform_version": "1.7.4",
  "serial": 22,
  "lineage": "c18ce5ba-7fba-27d6-da62-9fe3a401c5ba",
  "outputs": {},
  "resources": [
    {
      "mode": "managed",
      "type": "google_compute_global_address",
      "name": "private_ip_address",
      "provider": "provider[\"registry.terraform.io/hashicorp/google-beta\"]",
      "instances": [
        {
          "schema_version": 0,
          "attributes": {
            "address": "10.71.0.0",
            "address_type": "INTERNAL",
            "creation_timestamp": "2024-02-22T05:17:34.452-08:00",
            "description": "",
            "effective_labels": {},
            "id": "projects/cdp-demo-flocquet/global/addresses/private-ip-address",
            "ip_version": "",
            "label_fingerprint": "42WmSpB8rSM=",
            "labels": {},
            "name": "private-ip-address",
            "network": "https://www.googleapis.com/compute/v1/projects/cdp-demo-flocquet/global/networks/cdp-vpc",
            "prefix_length": 16,
            "project": "cdp-demo-flocquet",
            "purpose": "VPC_PEERING",
            "self_link": "https://www.googleapis.com/compute/v1/projects/cdp-demo-flocquet/global/addresses/private-ip-address",
            "terraform_labels": {},
            "timeouts": null
          },
          "sensitive_attributes": [],
          "private": "eyJlMmJmYjczMC1lY2FhLTExZTYtOGY4OC0zNDM2M2JjN2M0YzAiOnsiY3JlYXRlIjoxMjAwMDAwMDAwMDAwLCJkZWxldGUiOjEyMDAwMDAwMDAwMDAsInVwZGF0ZSI6MTIwMDAwMDAwMDAwMH19",
          "dependencies": [
            "google_compute_network.cdp_vpc"
          ]
        }
      ]
    },
    {
      "mode": "managed",
      "type": "google_compute_network",
      "name": "cdp_vpc",
      "provider": "provider[\"registry.terraform.io/hashicorp/google\"]",
      "instances": [
        {
          "schema_version": 0,
          "attributes": {
            "auto_create_subnetworks": true,
            "delete_default_routes_on_create": false,
            "description": "",
            "gateway_ipv4": "",
            "id": "projects/cdp-demo-flocquet/global/networks/cdp-vpc",
            "mtu": 0,
            "name": "cdp-vpc",
            "project": "cdp-demo-flocquet",
            "routing_mode": "REGIONAL",
            "self_link": "https://www.googleapis.com/compute/v1/projects/cdp-demo-flocquet/global/networks/cdp-vpc",
            "timeouts": null
          },
          "sensitive_attributes": [],
          "private": "eyJlMmJmYjczMC1lY2FhLTExZTYtOGY4OC0zNDM2M2JjN2M0YzAiOnsiY3JlYXRlIjoxMjAwMDAwMDAwMDAwLCJkZWxldGUiOjEyMDAwMDAwMDAwMDAsInVwZGF0ZSI6MTIwMDAwMDAwMDAwMH19"
        }
      ]
    },
    {
      "mode": "managed",
      "type": "google_project_iam_member",
      "name": "cloudrun_sa_db_access",
      "provider": "provider[\"registry.terraform.io/hashicorp/google\"]",
      "instances": [
        {
          "schema_version": 0,
          "attributes": {
            "condition": [],
            "etag": "BwYR+EtT370=",
            "id": "cdp-demo-flocquet/roles/cloudsql.client/serviceAccount:cdp-demo-flocquet-cloudrun-sa@cdp-demo-flocquet.iam.gserviceaccount.com",
            "member": "serviceAccount:cdp-demo-flocquet-cloudrun-sa@cdp-demo-flocquet.iam.gserviceaccount.com",
            "project": "cdp-demo-flocquet",
            "role": "roles/cloudsql.client"
          },
          "sensitive_attributes": [],
          "private": "bnVsbA==",
          "dependencies": [
            "google_service_account.cloudrun_sa"
          ]
        }
      ]
    },
    {
      "mode": "managed",
      "type": "google_project_iam_member",
      "name": "cloudrun_sa_storage",
      "provider": "provider[\"registry.terraform.io/hashicorp/google\"]",
      "instances": [
        {
          "schema_version": 0,
          "attributes": {
            "condition": [],
            "etag": "BwYR+EtT370=",
            "id": "cdp-demo-flocquet/roles/storage.objectViewer/serviceAccount:cdp-demo-flocquet-cloudrun-sa@cdp-demo-flocquet.iam.gserviceaccount.com",
            "member": "serviceAccount:cdp-demo-flocquet-cloudrun-sa@cdp-demo-flocquet.iam.gserviceaccount.com",
            "project": "cdp-demo-flocquet",
            "role": "roles/storage.objectViewer"
          },
          "sensitive_attributes": [],
          "private": "bnVsbA==",
          "dependencies": [
            "google_service_account.cloudrun_sa"
          ]
        }
      ]
    },
    {
      "mode": "managed",
      "type": "google_service_account",
      "name": "cloudrun_sa",
      "provider": "provider[\"registry.terraform.io/hashicorp/google\"]",
      "instances": [
        {
          "schema_version": 0,
          "attributes": {
            "account_id": "cdp-demo-flocquet-cloudrun-sa",
            "description": "",
            "disabled": false,
            "display_name": "Nl2SQL Cloud Run Service Account for accessing Cloud SQL",
            "email": "cdp-demo-flocquet-cloudrun-sa@cdp-demo-flocquet.iam.gserviceaccount.com",
            "id": "projects/cdp-demo-flocquet/serviceAccounts/cdp-demo-flocquet-cloudrun-sa@cdp-demo-flocquet.iam.gserviceaccount.com",
            "name": "projects/cdp-demo-flocquet/serviceAccounts/cdp-demo-flocquet-cloudrun-sa@cdp-demo-flocquet.iam.gserviceaccount.com",
            "project": "cdp-demo-flocquet",
            "timeouts": null,
            "unique_id": "109125719344051585875"
          },
          "sensitive_attributes": [],
          "private": "eyJlMmJmYjczMC1lY2FhLTExZTYtOGY4OC0zNDM2M2JjN2M0YzAiOnsiY3JlYXRlIjozMDAwMDAwMDAwMDB9fQ=="
        }
      ]
    },
    {
      "mode": "managed",
      "type": "google_service_networking_connection",
      "name": "private_vpc_connection",
      "provider": "provider[\"registry.terraform.io/hashicorp/google-beta\"]",
      "instances": [
        {
          "schema_version": 0,
          "attributes": {
            "deletion_policy": null,
            "id": "projects%2Fcdp-demo-flocquet%2Fglobal%2Fnetworks%2Fcdp-vpc:servicenetworking.googleapis.com",
            "network": "projects/cdp-demo-flocquet/global/networks/cdp-vpc",
            "peering": "servicenetworking-googleapis-com",
            "reserved_peering_ranges": [
              "private-ip-address"
            ],
            "service": "servicenetworking.googleapis.com",
            "timeouts": null
          },
          "sensitive_attributes": [],
          "private": "eyJlMmJmYjczMC1lY2FhLTExZTYtOGY4OC0zNDM2M2JjN2M0YzAiOnsiY3JlYXRlIjo2MDAwMDAwMDAwMDAsImRlbGV0ZSI6NjAwMDAwMDAwMDAwLCJ1cGRhdGUiOjYwMDAwMDAwMDAwMH19",
          "dependencies": [
            "google_compute_global_address.private_ip_address",
            "google_compute_network.cdp_vpc"
          ]
        }
      ]
    },
    {
      "mode": "managed",
      "type": "google_sql_database",
      "name": "database",
      "provider": "provider[\"registry.terraform.io/hashicorp/google\"]",
      "instances": [
        {
          "schema_version": 0,
          "attributes": {
            "charset": "UTF8",
            "collation": "en_US.UTF8",
            "id": "projects/cdp-demo-flocquet/instances/pgvector-db/databases/nl2sql-db",
            "instance": "pgvector-db",
            "name": "nl2sql-db",
            "project": "cdp-demo-flocquet",
            "self_link": "https://sqladmin.googleapis.com/sql/v1beta4/projects/cdp-demo-flocquet/instances/pgvector-db/databases/nl2sql-db",
            "timeouts": null
          },
          "sensitive_attributes": [],
          "private": "eyJlMmJmYjczMC1lY2FhLTExZTYtOGY4OC0zNDM2M2JjN2M0YzAiOnsiY3JlYXRlIjoxMjAwMDAwMDAwMDAwLCJkZWxldGUiOjEyMDAwMDAwMDAwMDAsInVwZGF0ZSI6MTIwMDAwMDAwMDAwMH19",
          "dependencies": [
            "google_compute_global_address.private_ip_address",
            "google_compute_network.cdp_vpc",
            "google_service_networking_connection.private_vpc_connection",
            "google_sql_database_instance.pgvector_db"
          ]
        }
      ]
    },
    {
      "mode": "managed",
      "type": "google_sql_database_instance",
      "name": "pgvector_db",
      "provider": "provider[\"registry.terraform.io/hashicorp/google-beta\"]",
      "instances": [
        {
          "schema_version": 0,
          "attributes": {
            "available_maintenance_versions": [],
            "clone": [],
            "connection_name": "cdp-demo-flocquet:europe-west1:pgvector-db",
            "database_version": "POSTGRES_15",
            "deletion_protection": true,
            "dns_name": "",
            "encryption_key_name": null,
            "first_ip_address": "10.71.0.3",
            "id": "pgvector-db",
            "instance_type": "CLOUD_SQL_INSTANCE",
            "ip_address": [
              {
                "ip_address": "10.71.0.3",
                "time_to_retire": "",
                "type": "PRIVATE"
              }
            ],
            "maintenance_version": "POSTGRES_15_4.R20230830.01_07",
            "master_instance_name": "",
            "name": "pgvector-db",
            "private_ip_address": "10.71.0.3",
            "project": "cdp-demo-flocquet",
            "psc_service_attachment_link": "",
            "public_ip_address": "",
            "region": "europe-west1",
            "replica_configuration": [],
            "restore_backup_context": [],
            "root_password": null,
            "self_link": "https://sqladmin.googleapis.com/sql/v1beta4/projects/cdp-demo-flocquet/instances/pgvector-db",
            "server_ca_cert": [
              {
                "cert": "-----BEGIN CERTIFICATE-----\nMIIDfzCCAmegAwIBAgIBADANBgkqhkiG9w0BAQsFADB3MS0wKwYDVQQuEyRkYjE0\nOTcyMi03YjZmLTQwNjMtOTg1OS0xZjQ1ZWY4NjQ1ZWMxIzAhBgNVBAMTGkdvb2ds\nZSBDbG91ZCBTUUwgU2VydmVyIENBMRQwEgYDVQQKEwtHb29nbGUsIEluYzELMAkG\nA1UEBhMCVVMwHhcNMjQwMjIyMTMyNzQ2WhcNMzQwMjE5MTMyODQ2WjB3MS0wKwYD\nVQQuEyRkYjE0OTcyMi03YjZmLTQwNjMtOTg1OS0xZjQ1ZWY4NjQ1ZWMxIzAhBgNV\nBAMTGkdvb2dsZSBDbG91ZCBTUUwgU2VydmVyIENBMRQwEgYDVQQKEwtHb29nbGUs\nIEluYzELMAkGA1UEBhMCVVMwggEiMA0GCSqGSIb3DQEBAQUAA4IBDwAwggEKAoIB\nAQCZ44YJl3PoOxfKEJJZ2SBhySgHfIHhW79W8c4PejsjD4qB6fxTDA12LUilIsT1\nlVT059cxEl0RyihiPWpn249SYS9aDlW3TOh29+u6eRaFMUn2fPO53zY8En/QVHGc\nFwfFXw5Vdg0MvbRXPDQa89rbkVOKsNMRDWNw3L0wMbKg0VHVg4tH//FmPpc8KJMb\nXROQ2Kb8pfuj3z8HADuRObPQfY7aRS4GN8JfbPC7IZrvu/N9ioRMwd0tdUn1FZwZ\nN8UjDjsZEJALnrmQX4MvyWNq4eGA/peIE4JUXBmANtJQ/7vL+LzX952Kiz0C5aJH\ny607XCLoRJItqPyEU+YXCKQlAgMBAAGjFjAUMBIGA1UdEwEB/wQIMAYBAf8CAQAw\nDQYJKoZIhvcNAQELBQADggEBAD+POWbtzw1uAaKu3EkhiQ3qJDmnsz+z36utqzFm\nJfj7IKOwRn1vq/ceKeKndI3U6hg8/hKsT3N7ucS8h8fgOCBsO5wbpLaDR8mM6P0Y\ngR6zgoJ8HS3dSbRR1yHV6duXeIq3bivH+8LVtmECXztwuz9fJUBYQOPpoM7HUvjs\nMPc+9NzbP1nZ3PXQjb5mhwQ+2+ENBGd2omTQkNDPQm4i3g2na2aXeilPuHD4vNgn\n6M0l2d6ls2YFaA5biqyco64/V1dTRbQ9GPI3maOBRlLnNxPqwMj1qsduKips9Pgv\nP0buYT9WncHeQJzie8PWDaqoPTqYSrTSjHlPcwWFkVlcowQ=\n-----END CERTIFICATE-----",
                "common_name": "C=US,O=Google\\, Inc,CN=Google Cloud SQL Server CA,dnQualifier=db149722-7b6f-4063-9859-1f45ef8645ec",
                "create_time": "2024-02-22T13:27:46.063Z",
                "expiration_time": "2034-02-19T13:28:46.063Z",
                "sha1_fingerprint": "bac54cc741c9573ed165ab3879679e7d37b888f3"
              }
            ],
            "service_account_email_address": "p383807495717-rmy0hx@gcp-sa-cloud-sql.iam.gserviceaccount.com",
            "settings": [
              {
                "activation_policy": "ALWAYS",
                "active_directory_config": [],
                "advanced_machine_features": [],
                "availability_type": "ZONAL",
                "backup_configuration": [
                  {
                    "backup_retention_settings": [
                      {
                        "retained_backups": 7,
                        "retention_unit": "COUNT"
                      }
                    ],
                    "binary_log_enabled": false,
                    "enabled": false,
                    "location": "",
                    "point_in_time_recovery_enabled": false,
                    "start_time": "19:00",
                    "transaction_log_retention_days": 7
                  }
                ],
                "collation": "",
                "connector_enforcement": "NOT_REQUIRED",
                "data_cache_config": [],
                "database_flags": [],
                "deletion_protection_enabled": false,
                "deny_maintenance_period": [],
                "disk_autoresize": true,
                "disk_autoresize_limit": 0,
                "disk_size": 10,
                "disk_type": "PD_SSD",
                "edition": "ENTERPRISE",
                "insights_config": [],
                "ip_configuration": [
                  {
                    "allocated_ip_range": "",
                    "authorized_networks": [],
                    "enable_private_path_for_google_cloud_services": true,
                    "ipv4_enabled": false,
                    "private_network": "projects/cdp-demo-flocquet/global/networks/cdp-vpc",
                    "psc_config": [],
                    "require_ssl": false,
                    "ssl_mode": ""
                  }
                ],
                "location_preference": [
                  {
                    "follow_gae_application": "",
                    "secondary_zone": "",
                    "zone": "europe-west1-d"
                  }
                ],
                "maintenance_window": [],
                "password_validation_policy": [],
                "pricing_plan": "PER_USE",
                "sql_server_audit_config": [],
                "tier": "db-f1-micro",
                "time_zone": "",
                "user_labels": {},
                "version": 1
              }
            ],
            "timeouts": null
          },
          "sensitive_attributes": [],
          "private": "eyJlMmJmYjczMC1lY2FhLTExZTYtOGY4OC0zNDM2M2JjN2M0YzAiOnsiY3JlYXRlIjoyNDAwMDAwMDAwMDAwLCJkZWxldGUiOjE4MDAwMDAwMDAwMDAsInVwZGF0ZSI6MTgwMDAwMDAwMDAwMH19",
          "dependencies": [
            "google_compute_global_address.private_ip_address",
            "google_compute_network.cdp_vpc",
            "google_service_networking_connection.private_vpc_connection"
          ]
        }
      ]
    },
    {
      "mode": "managed",
      "type": "google_sql_user",
      "name": "nl2sql_user",
      "provider": "provider[\"registry.terraform.io/hashicorp/google\"]",
      "instances": [
        {
          "schema_version": 1,
          "attributes": {
            "deletion_policy": null,
            "host": "",
            "id": "nl2sql-admin//pgvector-db",
            "instance": "pgvector-db",
            "name": "nl2sql-admin",
            "password": "hr_tutorial",
            "project": "cdp-demo-flocquet",
            "timeouts": null,
            "type": ""
          },
          "sensitive_attributes": [],
          "private": "eyJlMmJmYjczMC1lY2FhLTExZTYtOGY4OC0zNDM2M2JjN2M0YzAiOnsiY3JlYXRlIjo2MDAwMDAwMDAwMDAsImRlbGV0ZSI6NjAwMDAwMDAwMDAwLCJ1cGRhdGUiOjYwMDAwMDAwMDAwMH0sInNjaGVtYV92ZXJzaW9uIjoiMSJ9",
          "dependencies": [
            "google_compute_global_address.private_ip_address",
            "google_compute_network.cdp_vpc",
            "google_service_networking_connection.private_vpc_connection",
            "google_sql_database_instance.pgvector_db"
          ]
        }
      ]
    },
    {
      "mode": "managed",
      "type": "google_storage_bucket",
      "name": "shared_bucket",
      "provider": "provider[\"registry.terraform.io/hashicorp/google\"]",
      "instances": [
        {
          "schema_version": 0,
          "attributes": {
            "cors": [],
            "default_event_based_hold": false,
            "encryption": [],
            "force_destroy": false,
            "id": "nl2sql-bucket-cdp-demo-flocquet",
            "labels": {},
            "lifecycle_rule": [],
            "location": "EUROPE-WEST1",
            "logging": [],
            "name": "nl2sql-bucket-cdp-demo-flocquet",
            "project": "cdp-demo-flocquet",
            "requester_pays": false,
            "retention_policy": [],
            "self_link": "https://www.googleapis.com/storage/v1/b/nl2sql-bucket-cdp-demo-flocquet",
            "storage_class": "STANDARD",
            "timeouts": null,
            "uniform_bucket_level_access": true,
            "url": "gs://nl2sql-bucket-cdp-demo-flocquet",
            "versioning": [],
            "website": []
          },
          "sensitive_attributes": [],
          "private": "eyJlMmJmYjczMC1lY2FhLTExZTYtOGY4OC0zNDM2M2JjN2M0YzAiOnsiY3JlYXRlIjoyNDAwMDAwMDAwMDAsInJlYWQiOjI0MDAwMDAwMDAwMCwidXBkYXRlIjoyNDAwMDAwMDAwMDB9fQ=="
        }
      ]
    }
  ],
  "check_results": null
}
